
Microsoft Visual Studio Solution File, Format Version 12.00
# Visual Studio 15
VisualStudioVersion = 15.0.27130.2024
MinimumVisualStudioVersion = 10.0.40219.1
Project("{9A19103F-16F7-4668-BE54-9A1E7A4F7556}") = "MetasiteApplication", "MetasiteApplication\MetasiteApplication.csproj", "{060A2AAF-6386-46D2-815E-D31A89BEAD22}"
EndProject
Global
	GlobalSection(SolutionConfigurationPlatforms) = preSolution
		Debug|Any CPU = Debug|Any CPU
		Release|Any CPU = Release|Any CPU
	EndGlobalSection
	GlobalSection(ProjectConfigurationPlatforms) = postSolution
		{060A2AAF-6386-46D2-815E-D31A89BEAD22}.Debug|Any CPU.ActiveCfg = Debug|Any CPU
		{060A2AAF-6386-46D2-815E-D31A89BEAD22}.Debug|Any CPU.Build.0 = Debug|Any CPU
		{060A2AAF-6386-46D2-815E-D31A89BEAD22}.Release|Any CPU.ActiveCfg = Release|Any CPU
		{060A2AAF-6386-46D2-815E-D31A89BEAD22}.Release|Any CPU.Build.0 = Release|Any CPU
	EndGlobalSection
	GlobalSection(SolutionProperties) = preSolution
		HideSolutionNode = FALSE
	EndGlobalSection
	GlobalSection(ExtensibilityGlobals) = postSolution
		SolutionGuid = {DB079640-4DD0-435A-8CFE-D0CCAC4223CC}
	EndGlobalSection
EndGlobal
